
Microsoft Visual Studio Solution File, Format Version 12.00
# Visual Studio 15
VisualStudioVersion = 15.0.28307.1500
MinimumVisualStudioVersion = 10.0.40219.1
Project("{FAE04EC0-301F-11D3-BF4B-00C04F79EFBC}") = "BookStoreMVC", "BookStoreMVC\BookStoreMVC.csproj", "{55866D75-A2F6-4887-A5E9-96443585EA99}"
EndProject
Global
	GlobalSection(SolutionConfigurationPlatforms) = preSolution
		Debug|Any CPU = Debug|Any CPU
		Release|Any CPU = Release|Any CPU
	EndGlobalSection
	GlobalSection(ProjectConfigurationPlatforms) = postSolution
		{55866D75-A2F6-4887-A5E9-96443585EA99}.Debug|Any CPU.ActiveCfg = Debug|Any CPU
		{55866D75-A2F6-4887-A5E9-96443585EA99}.Debug|Any CPU.Build.0 = Debug|Any CPU
		{55866D75-A2F6-4887-A5E9-96443585EA99}.Release|Any CPU.ActiveCfg = Release|Any CPU
		{55866D75-A2F6-4887-A5E9-96443585EA99}.Release|Any CPU.Build.0 = Release|Any CPU
	EndGlobalSection
	GlobalSection(SolutionProperties) = preSolution
		HideSolutionNode = FALSE
	EndGlobalSection
	GlobalSection(ExtensibilityGlobals) = postSolution
		SolutionGuid = {1DD34292-E576-4694-BF19-ECB8BCBB41F9}
	EndGlobalSection
EndGlobal
